
Microsoft Visual Studio Solution File, Format Version 12.00
# Visual Studio Version 16
VisualStudioVersion = 16.0.32002.261
MinimumVisualStudioVersion = 10.0.40219.1
Project("{FAE04EC0-301F-11D3-BF4B-00C04F79EFBC}") = "FinalOdevi2", "FinalOdevi2.csproj", "{5AACCC93-A48C-4956-99AA-5AB259956055}"
EndProject
Global
	GlobalSection(SolutionConfigurationPlatforms) = preSolution
		Debug|Any CPU = Debug|Any CPU
		Release|Any CPU = Release|Any CPU
	EndGlobalSection
	GlobalSection(ProjectConfigurationPlatforms) = postSolution
		{5AACCC93-A48C-4956-99AA-5AB259956055}.Debug|Any CPU.ActiveCfg = Debug|Any CPU
		{5AACCC93-A48C-4956-99AA-5AB259956055}.Debug|Any CPU.Build.0 = Debug|Any CPU
		{5AACCC93-A48C-4956-99AA-5AB259956055}.Release|Any CPU.ActiveCfg = Release|Any CPU
		{5AACCC93-A48C-4956-99AA-5AB259956055}.Release|Any CPU.Build.0 = Release|Any CPU
	EndGlobalSection
	GlobalSection(SolutionProperties) = preSolution
		HideSolutionNode = FALSE
	EndGlobalSection
	GlobalSection(ExtensibilityGlobals) = postSolution
		SolutionGuid = {72DEC1A0-CC63-4364-96A9-9236137A9470}
	EndGlobalSection
EndGlobal
